
Microsoft Visual Studio Solution File, Format Version 12.00
# Visual Studio 2013
VisualStudioVersion = 12.0.30723.0
MinimumVisualStudioVersion = 10.0.40219.1
Project("{CC5FD16D-436D-48AD-A40C-5A424C6E3E79}") = "AudibleGlobeAPI", "AudibleGlobeAPI\AudibleGlobeAPI.ccproj", "{16C8305B-B025-4EE0-85FC-90D5F48AEB49}"
EndProject
Project("{FAE04EC0-301F-11D3-BF4B-00C04F79EFBC}") = "AudibleGlobeAPIWorkerRole", "AudibleGlobeAPIWorkerRole\AudibleGlobeAPIWorkerRole.csproj", "{242FCC22-DF3F-4D2F-9D69-B94D7A6D5A3F}"
EndProject
Global
	GlobalSection(SolutionConfigurationPlatforms) = preSolution
		Debug|Any CPU = Debug|Any CPU
		Release|Any CPU = Release|Any CPU
	EndGlobalSection
	GlobalSection(ProjectConfigurationPlatforms) = postSolution
		{16C8305B-B025-4EE0-85FC-90D5F48AEB49}.Debug|Any CPU.ActiveCfg = Debug|Any CPU
		{16C8305B-B025-4EE0-85FC-90D5F48AEB49}.Debug|Any CPU.Build.0 = Debug|Any CPU
		{16C8305B-B025-4EE0-85FC-90D5F48AEB49}.Release|Any CPU.ActiveCfg = Release|Any CPU
		{16C8305B-B025-4EE0-85FC-90D5F48AEB49}.Release|Any CPU.Build.0 = Release|Any CPU
		{242FCC22-DF3F-4D2F-9D69-B94D7A6D5A3F}.Debug|Any CPU.ActiveCfg = Debug|Any CPU
		{242FCC22-DF3F-4D2F-9D69-B94D7A6D5A3F}.Debug|Any CPU.Build.0 = Debug|Any CPU
		{242FCC22-DF3F-4D2F-9D69-B94D7A6D5A3F}.Release|Any CPU.ActiveCfg = Release|Any CPU
		{242FCC22-DF3F-4D2F-9D69-B94D7A6D5A3F}.Release|Any CPU.Build.0 = Release|Any CPU
	EndGlobalSection
	GlobalSection(SolutionProperties) = preSolution
		HideSolutionNode = FALSE
	EndGlobalSection
EndGlobal
